{
  "version": "2",
  "remote": {
    "https://deno.land/std@0.172.0/fmt/colors.ts": "938c5d44d889fb82eff6c358bea8baa7e85950a16c9f6dae3ec3a7a729164471",
    "https://deno.land/std@0.172.0/path/_constants.ts": "e49961f6f4f48039c0dfed3c3f93e963ca3d92791c9d478ac5b43183413136e0",
    "https://deno.land/std@0.172.0/path/_interface.ts": "6471159dfbbc357e03882c2266d21ef9afdb1e4aa771b0545e90db58a0ba314b",
    "https://deno.land/std@0.172.0/path/_util.ts": "86c2375a996c1931b2f2ac71fefd5ddf0cf0e579fa4ab12d3e4c552d4223b8d8",
    "https://deno.land/std@0.172.0/path/posix.ts": "0874b341c2c6968ca38d323338b8b295ea1dae10fa872a768d812e2e7d634789",
    "https://deno.land/std@0.172.0/testing/_diff.ts": "1a3c044aedf77647d6cac86b798c6417603361b66b54c53331b312caeb447aea",
    "https://deno.land/std@0.172.0/testing/_format.ts": "a69126e8a469009adf4cf2a50af889aca364c349797e63174884a52ff75cf4c7",
    "https://deno.land/std@0.172.0/testing/_test_suite.ts": "30f018feeb3835f12ab198d8a518f9089b1bcb2e8c838a8b615ab10d5005465c",
    "https://deno.land/std@0.172.0/testing/asserts.ts": "984ab0bfb3faeed92ffaa3a6b06536c66811185328c5dd146257c702c41b01ab",
    "https://deno.land/std@0.172.0/testing/bdd.ts": "c5ca6d85940dbcc19b4d2bc3608d49ab65d81470aa91306d5efa4b0d5c945731"
  }
}
